
Microsoft Visual Studio Solution File, Format Version 12.00
# Visual Studio 15
VisualStudioVersion = 15.0.28010.2036
MinimumVisualStudioVersion = 10.0.40219.1
Project("{FAE04EC0-301F-11D3-BF4B-00C04F79EFBC}") = "Lab19_CreateAnApi", "Lab19-CreateAnApi\Lab19_CreateAnApi.csproj", "{57F4D164-1E14-476E-B4D4-2703BA29FCC8}"
EndProject
Global
	GlobalSection(SolutionConfigurationPlatforms) = preSolution
		Debug|Any CPU = Debug|Any CPU
		Release|Any CPU = Release|Any CPU
	EndGlobalSection
	GlobalSection(ProjectConfigurationPlatforms) = postSolution
		{57F4D164-1E14-476E-B4D4-2703BA29FCC8}.Debug|Any CPU.ActiveCfg = Debug|Any CPU
		{57F4D164-1E14-476E-B4D4-2703BA29FCC8}.Debug|Any CPU.Build.0 = Debug|Any CPU
		{57F4D164-1E14-476E-B4D4-2703BA29FCC8}.Release|Any CPU.ActiveCfg = Release|Any CPU
		{57F4D164-1E14-476E-B4D4-2703BA29FCC8}.Release|Any CPU.Build.0 = Release|Any CPU
	EndGlobalSection
	GlobalSection(SolutionProperties) = preSolution
		HideSolutionNode = FALSE
	EndGlobalSection
	GlobalSection(ExtensibilityGlobals) = postSolution
		SolutionGuid = {7C916137-D62A-4DCB-AC63-6696B5A3AE56}
	EndGlobalSection
EndGlobal
